{
  "projects": [
    {
      "projectId": "seaQhLVS4bbjiGvJJrRwyL",
      "version": "15.0.3",
      "dependencies": {},
      "lang": "js",
      "fileLocks": [
        {
          "assetId": "seaQhLVS4bbjiGvJJrRwyL",
          "type": "projectCss",
          "checksum": "9345b883752a1b7fa88c203f6bc63740"
        }
      ],
      "codegenVersion": "0.0.1"
    },
    {
      "projectId": "4NLjRPDETTpPj6UCqDMUZL",
      "version": "latest",
      "dependencies": {
        "seaQhLVS4bbjiGvJJrRwyL": "15.0.3"
      },
      "lang": "js",
      "fileLocks": [
        {
          "type": "globalVariant",
          "assetId": "Qlo-hqgUET1k-0",
          "checksum": "684ead111a8bd98bbfcff92cf6b4845d"
        },
        {
          "assetId": "4NLjRPDETTpPj6UCqDMUZL",
          "type": "projectCss",
          "checksum": "017a7dabb35eb311d5110798a244af96"
        },
        {
          "type": "renderModule",
          "assetId": "FMTVj7guJQokO",
          "checksum": "1e27168bb01b0d4dd87eafb656b2c871"
        },
        {
          "type": "cssRules",
          "assetId": "FMTVj7guJQokO",
          "checksum": "1e27168bb01b0d4dd87eafb656b2c871"
        },
        {
          "type": "renderModule",
          "assetId": "PPu_MI5eansVf",
          "checksum": "c63a4c97f565a009f4be9d1dd114ad3e"
        },
        {
          "type": "cssRules",
          "assetId": "PPu_MI5eansVf",
          "checksum": "c63a4c97f565a009f4be9d1dd114ad3e"
        },
        {
          "type": "renderModule",
          "assetId": "MZdIwmUhg8SSM",
          "checksum": "ba387e71a7e2b0e3198a86eb52df6aa4"
        },
        {
          "type": "cssRules",
          "assetId": "MZdIwmUhg8SSM",
          "checksum": "ba387e71a7e2b0e3198a86eb52df6aa4"
        },
        {
          "type": "renderModule",
          "assetId": "RAJxtg-P9NwDx",
          "checksum": "75082e8d907f5467c63524747cb168af"
        },
        {
          "type": "cssRules",
          "assetId": "RAJxtg-P9NwDx",
          "checksum": "75082e8d907f5467c63524747cb168af"
        },
        {
          "type": "renderModule",
          "assetId": "--cvKnhxFXDSY",
          "checksum": "68a0bd52fa03debe214a8d38af5edbb1"
        },
        {
          "type": "cssRules",
          "assetId": "--cvKnhxFXDSY",
          "checksum": "68a0bd52fa03debe214a8d38af5edbb1"
        },
        {
          "type": "renderModule",
          "assetId": "dYypdWrmYfAVz",
          "checksum": "6a7b4d6ea067ca2ea03cbf3c932d06df"
        },
        {
          "type": "cssRules",
          "assetId": "dYypdWrmYfAVz",
          "checksum": "6a7b4d6ea067ca2ea03cbf3c932d06df"
        },
        {
          "type": "renderModule",
          "assetId": "aPr-Zm32oAQyaP",
          "checksum": "f9a80cba55e527ca6f8ee96bb1ad46aa"
        },
        {
          "type": "cssRules",
          "assetId": "aPr-Zm32oAQyaP",
          "checksum": "f9a80cba55e527ca6f8ee96bb1ad46aa"
        },
        {
          "type": "renderModule",
          "assetId": "aqdWM5MZWpSmFn",
          "checksum": "312efdb2dde3aac582c4df1ecdedc34a"
        },
        {
          "type": "cssRules",
          "assetId": "aqdWM5MZWpSmFn",
          "checksum": "312efdb2dde3aac582c4df1ecdedc34a"
        },
        {
          "type": "renderModule",
          "assetId": "5AZb6z3a-RSjRx",
          "checksum": "d99d87fb4269fe1c27b64bec8fc6290e"
        },
        {
          "type": "cssRules",
          "assetId": "5AZb6z3a-RSjRx",
          "checksum": "d99d87fb4269fe1c27b64bec8fc6290e"
        },
        {
          "type": "renderModule",
          "assetId": "t4mduVIJtzrz3s",
          "checksum": "9ee03980829e895e411d09f7c7e26804"
        },
        {
          "type": "cssRules",
          "assetId": "t4mduVIJtzrz3s",
          "checksum": "9ee03980829e895e411d09f7c7e26804"
        },
        {
          "type": "renderModule",
          "assetId": "SYKxIW6M0xFqt-",
          "checksum": "594fe0c3a1e1f8911aa31f32a31aab99"
        },
        {
          "type": "cssRules",
          "assetId": "SYKxIW6M0xFqt-",
          "checksum": "594fe0c3a1e1f8911aa31f32a31aab99"
        },
        {
          "type": "renderModule",
          "assetId": "2ovUuZkqOtJcvb",
          "checksum": "c116c75396ebee4427f6a6ad2a5ca8f9"
        },
        {
          "type": "cssRules",
          "assetId": "2ovUuZkqOtJcvb",
          "checksum": "c116c75396ebee4427f6a6ad2a5ca8f9"
        },
        {
          "type": "renderModule",
          "assetId": "uoP0g5iW9T5p1e",
          "checksum": "7d3f7a139d48a522ba8ad1237c87a81a"
        },
        {
          "type": "cssRules",
          "assetId": "uoP0g5iW9T5p1e",
          "checksum": "7d3f7a139d48a522ba8ad1237c87a81a"
        },
        {
          "type": "renderModule",
          "assetId": "Vx2BCJ56XpEWz5",
          "checksum": "f72c2f5b58d1c0b34a8cad91a1a3fa28"
        },
        {
          "type": "cssRules",
          "assetId": "Vx2BCJ56XpEWz5",
          "checksum": "f72c2f5b58d1c0b34a8cad91a1a3fa28"
        },
        {
          "type": "renderModule",
          "assetId": "NF4JfDl2oxqpwm",
          "checksum": "23b4bc93218ee2276a6b288ec0b0653c"
        },
        {
          "type": "cssRules",
          "assetId": "NF4JfDl2oxqpwm",
          "checksum": "23b4bc93218ee2276a6b288ec0b0653c"
        },
        {
          "type": "renderModule",
          "assetId": "MQVGVCzW2mWwDl",
          "checksum": "08d3c1ab6659ce1fe1c18adde330452f"
        },
        {
          "type": "cssRules",
          "assetId": "MQVGVCzW2mWwDl",
          "checksum": "08d3c1ab6659ce1fe1c18adde330452f"
        },
        {
          "type": "renderModule",
          "assetId": "a0eLfdii839v8h",
          "checksum": "67d37c7a574daffa33353adf039344f1"
        },
        {
          "type": "cssRules",
          "assetId": "a0eLfdii839v8h",
          "checksum": "67d37c7a574daffa33353adf039344f1"
        },
        {
          "type": "icon",
          "assetId": "Hx9CEx0XV3bHG7",
          "checksum": "b683c7116a10cc907c4fcf85dca92771"
        },
        {
          "type": "icon",
          "assetId": "3qre4ZT5S0Kkwz",
          "checksum": "109138642d2a7110c5c8c66da1a743b3"
        },
        {
          "type": "icon",
          "assetId": "IpsNvKdkV0lt5-",
          "checksum": "280020148aa2012c17166bbbda7cd3fd"
        },
        {
          "type": "icon",
          "assetId": "vMbyxXaFlHHAzn",
          "checksum": "9d01e650b5014eff0ed41565fafa4bdf"
        },
        {
          "type": "icon",
          "assetId": "kPJu3XT6QpF_hr",
          "checksum": "e039d4469cc177294d85e15429434c9f"
        },
        {
          "type": "icon",
          "assetId": "EOwPinbs_wEi-7",
          "checksum": "4b1b119c7151da95bbf420ef10d93841"
        },
        {
          "type": "icon",
          "assetId": "LAA8j66IIwtKQl",
          "checksum": "5f90cf3f1372fdecc05fd7337a8b05de"
        },
        {
          "type": "icon",
          "assetId": "iuuHcEbzxiIsi-",
          "checksum": "03476c7a9f1acf3cffddd6c8f88798e3"
        },
        {
          "type": "icon",
          "assetId": "40_g4fFM0rLrJp",
          "checksum": "2e7a55a262cbffc436ebbe8a96fd698e"
        },
        {
          "type": "icon",
          "assetId": "HXh9NWIdRL7R3k",
          "checksum": "ed9c11456f38a40f613482ec7ebfba86"
        },
        {
          "type": "icon",
          "assetId": "Qh7_EdZopYINcV",
          "checksum": "e40f351db9b684c7cf89719e90612e1e"
        },
        {
          "type": "icon",
          "assetId": "exKNKOl6pdoklk",
          "checksum": "03fb82e474d9f8b07fd89deeaa25d96b"
        },
        {
          "type": "icon",
          "assetId": "GsyC3VkcbOwDFM",
          "checksum": "d64ba405bcfbef95e8c538fe191bc43f"
        },
        {
          "type": "icon",
          "assetId": "1BlxqHWhr4mYhe",
          "checksum": "cde76461d4ead71d4df37ffcd2564640"
        },
        {
          "type": "icon",
          "assetId": "Bq5-qQ8FfwpyOp",
          "checksum": "4da77f25ee0e2bf3fdc80cf11b1b9e01"
        },
        {
          "type": "icon",
          "assetId": "XDIYB3EbjMn3ef",
          "checksum": "0f34431f6bc0a7e8e45b25072ec50aaf"
        },
        {
          "type": "icon",
          "assetId": "Cx4_XD3GFNXvro",
          "checksum": "8ece53aa63ac944d078672fc75307b5a"
        },
        {
          "type": "icon",
          "assetId": "d5y7vyVOhT7IaY",
          "checksum": "3aa5853d4f3e0e22c501e02142c8cc0d"
        },
        {
          "type": "icon",
          "assetId": "PaYkELkjuzCRYV",
          "checksum": "95cbf0f80908d150e22fcb8aa4874104"
        },
        {
          "type": "icon",
          "assetId": "c8WJ-wOiHr3Cr3",
          "checksum": "81dd649eb92692c3431e3839e04028aa"
        },
        {
          "type": "icon",
          "assetId": "N54qdqZ1FbZAE3",
          "checksum": "6a5519aae126de5567b06e370b52d017"
        },
        {
          "type": "icon",
          "assetId": "BSqgncjP6AOvv6",
          "checksum": "ec8f56377439bc6ef333f1dc52915e41"
        },
        {
          "type": "image",
          "assetId": "I8eG76rnQcTdnp",
          "checksum": "612196aa5823bda4f7a0f3824aeb15a9"
        },
        {
          "type": "image",
          "assetId": "1icL6-wzIkcuil",
          "checksum": "116d1d2058a45b822bb133ad8eacd60a"
        },
        {
          "type": "image",
          "assetId": "vOS2BrydPCWMKS",
          "checksum": "73f32cfde853a6da4ad0af861f9e7f24"
        },
        {
          "type": "image",
          "assetId": "9mUrtgAdqLsA1u",
          "checksum": "32d6acb75df59d7d69548a54bffc5d8d"
        }
      ],
      "codegenVersion": "0.0.1"
    }
  ],
  "cliVersion": "0.1.173"
}
